<?xml version="1.0" encoding="UTF-8" standalone="yes" ?>
<CodeBlocks_project_file>
	<FileVersion major="1" minor="6" />
	<Project>
		<Option title="Pidgin Plus!" />
		<Option makefile_is_custom="1" />
		<Option pch_mode="2" />
		<Option compiler="gcc" />
		<Build>
			<Target title="Release">
				<Option output="pidgin_plus" prefix_auto="1" extension_auto="1" />
				<Option object_output="obj/Release/" />
				<Option type="3" />
				<Option compiler="gcc" />
				<Option createDefFile="1" />
				<Option createStaticLib="1" />
				<Compiler>
					<Add option="-O2" />
				</Compiler>
				<Linker>
					<Add option="-s" />
				</Linker>
			</Target>
			<Environment>
				<Variable name="CFLAGS" value='&quot;pkg-config --cflags purple&quot;' />
			</Environment>
		</Build>
		<Compiler>
			<Add option="-Wall" />
		</Compiler>
		<Linker>
			<Add option="pkg-config --libs purple" />
		</Linker>
		<Unit filename="basics/basics.cc">
			<Option compile="0" />
			<Option link="0" />
		</Unit>
		<Unit filename="basics/basics.h" />
		<Unit filename="commands_and_macros/commands.cc" />
		<Unit filename="commands_and_macros/commands.h" />
		<Unit filename="commands_and_macros/macros.cc" />
		<Unit filename="commands_and_macros/macros.h" />
		<Unit filename="gtk_etc_frontend/date_time.cc" />
		<Unit filename="gtk_etc_frontend/date_time.h" />
		<Unit filename="gtk_etc_frontend/gtk_timer_struct.h" />
		<Unit filename="plugin_basics/plugin_events.cc" />
		<Unit filename="plugin_basics/plugin_events.h" />
		<Unit filename="plugin_basics/plugin_template.cc" />
		<Unit filename="purple_frontend/personnel_info.cc" />
		<Unit filename="purple_frontend/personnel_info.h" />
		<Unit filename="purple_frontend/purple_extension.cc" />
		<Unit filename="purple_frontend/purple_extension.h" />
		<Unit filename="scripting/js_functions.cc" />
		<Unit filename="scripting/js_functions.h" />
		<Unit filename="scripting/js_objects/adder.cc" />
		<Unit filename="scripting/js_objects/chatwnd.cc" />
		<Unit filename="scripting/js_objects/js_objects_basics.cc" />
		<Unit filename="scripting/js_objects/js_objects_basics.h" />
		<Unit filename="scripting/js_objects/js_objects_manifest.h" />
		<Unit filename="scripting/js_objects/msgplus.cc" />
		<Unit filename="scripting/v8_implementation.cc" />
		<Unit filename="scripting/v8_shared.cc" />
		<Unit filename="scripting/v8_shared.h" />
		<Extensions>
			<code_completion />
			<debugger />
			<envvars />
		</Extensions>
	</Project>
</CodeBlocks_project_file>
